{
  "originHash" : "0807f458540568366986acb9d388477cd7b3653dd4f7c9710181510c60241cf9",
  "pins" : [
    {
      "identity" : "shaderkit",
      "kind" : "remoteSourceControl",
      "location" : "https://github.com/jamesrochabrun/ShaderKit",
      "state" : {
        "revision" : "cfa7858252adfcf6f0ac94aea58399bc8a6b2dcf",
        "version" : "1.2.4"
      }
    }
  ],
  "version" : 3
}
